// !$*UTF8*$!
{
	archiveVersion = 1;
	classes = {
	};
	objectVersion = 56;
	objects = {

/* Begin PBXBuildFile section */
		E80D708629C10E6000AC55D0 /* CustomTabBar.swift in Sources */ = {isa = PBXBuildFile; fileRef = E80D708529C10E6000AC55D0 /* CustomTabBar.swift */; };
		E80D708B29C13E8B00AC55D0 /* RootCoordinator.swift in Sources */ = {isa = PBXBuildFile; fileRef = E80D708A29C13E8B00AC55D0 /* RootCoordinator.swift */; };
		E816BD6729BEE1A10003353C /* Montserrat-SemiBold.ttf in Resources */ = {isa = PBXBuildFile; fileRef = E816BD6629BEE1A10003353C /* Montserrat-SemiBold.ttf */; };
		E816BD6929BEE2710003353C /* Montserrat-Medium.ttf in Resources */ = {isa = PBXBuildFile; fileRef = E816BD6829BEE2710003353C /* Montserrat-Medium.ttf */; };
		E816BD6B29BEFA540003353C /* Login.swift in Sources */ = {isa = PBXBuildFile; fileRef = E816BD6A29BEFA540003353C /* Login.swift */; };
		E816BD6D29BF03720003353C /* Publishers + Ex.swift in Sources */ = {isa = PBXBuildFile; fileRef = E816BD6C29BF03720003353C /* Publishers + Ex.swift */; };
		E816BD6F29BF03F30003353C /* Notification + Ex.swift in Sources */ = {isa = PBXBuildFile; fileRef = E816BD6E29BF03F30003353C /* Notification + Ex.swift */; };
		E816BD7829BF3D5A0003353C /* Profile.swift in Sources */ = {isa = PBXBuildFile; fileRef = E816BD7729BF3D5A0003353C /* Profile.swift */; };
		E821E23129C3D57500DB0FF1 /* LoginVM.swift in Sources */ = {isa = PBXBuildFile; fileRef = E821E23029C3D57500DB0FF1 /* LoginVM.swift */; };
		E821E23329C3DF2F00DB0FF1 /* ImagePicker.swift in Sources */ = {isa = PBXBuildFile; fileRef = E821E23229C3DF2F00DB0FF1 /* ImagePicker.swift */; };
		E821E23629C3E1CD00DB0FF1 /* ProfileVM.swift in Sources */ = {isa = PBXBuildFile; fileRef = E821E23529C3E1CD00DB0FF1 /* ProfileVM.swift */; };
		E821E23929C5D65C00DB0FF1 /* UIImage + Ex.swift in Sources */ = {isa = PBXBuildFile; fileRef = E821E23829C5D65C00DB0FF1 /* UIImage + Ex.swift */; };
		E821E23C29C5F2A700DB0FF1 /* Page1VM.swift in Sources */ = {isa = PBXBuildFile; fileRef = E821E23B29C5F2A700DB0FF1 /* Page1VM.swift */; };
		E844C7CF29BE7FBF002C2373 /* TestTaskForEApp.swift in Sources */ = {isa = PBXBuildFile; fileRef = E844C7CE29BE7FBF002C2373 /* TestTaskForEApp.swift */; };
		E844C7D129BE7FBF002C2373 /* SignIn.swift in Sources */ = {isa = PBXBuildFile; fileRef = E844C7D029BE7FBF002C2373 /* SignIn.swift */; };
		E844C7D629BE7FC0002C2373 /* Preview Assets.xcassets in Resources */ = {isa = PBXBuildFile; fileRef = E844C7D529BE7FC0002C2373 /* Preview Assets.xcassets */; };
		E844C7DE29BE8052002C2373 /* Resources.swift in Sources */ = {isa = PBXBuildFile; fileRef = E844C7DD29BE8052002C2373 /* Resources.swift */; };
		E844C7E229BE808C002C2373 /* Color + Ex.swift in Sources */ = {isa = PBXBuildFile; fileRef = E844C7E029BE808C002C2373 /* Color + Ex.swift */; };
		E844C7E629BEAF64002C2373 /* Modifires.swift in Sources */ = {isa = PBXBuildFile; fileRef = E844C7E529BEAF64002C2373 /* Modifires.swift */; };
		E844C7E829BEAF91002C2373 /* View + Ex.swift in Sources */ = {isa = PBXBuildFile; fileRef = E844C7E729BEAF91002C2373 /* View + Ex.swift */; };
		E844C7EC29BEDB08002C2373 /* Montserrat-Regular.ttf in Resources */ = {isa = PBXBuildFile; fileRef = E844C7EB29BEDB08002C2373 /* Montserrat-Regular.ttf */; };
		E844C7EE29BEDB20002C2373 /* Montserrat-Bold.ttf in Resources */ = {isa = PBXBuildFile; fileRef = E844C7ED29BEDB20002C2373 /* Montserrat-Bold.ttf */; };
		E85FE64E29C147DC00F64B47 /* RootCoordinatorView.swift in Sources */ = {isa = PBXBuildFile; fileRef = E85FE64D29C147DC00F64B47 /* RootCoordinatorView.swift */; };
		E85FE65129C14D3100F64B47 /* Heart.swift in Sources */ = {isa = PBXBuildFile; fileRef = E85FE65029C14D3100F64B47 /* Heart.swift */; };
		E85FE65329C14D4200F64B47 /* ShoppingСart.swift in Sources */ = {isa = PBXBuildFile; fileRef = E85FE65229C14D4200F64B47 /* ShoppingСart.swift */; };
		E85FE65529C14D5400F64B47 /* Chat.swift in Sources */ = {isa = PBXBuildFile; fileRef = E85FE65429C14D5400F64B47 /* Chat.swift */; };
		E85FE65C29C1568A00F64B47 /* TabBarItemModel.swift in Sources */ = {isa = PBXBuildFile; fileRef = E85FE65B29C1568A00F64B47 /* TabBarItemModel.swift */; };
		E85FE65F29C164BD00F64B47 /* CustomTabBarContainer.swift in Sources */ = {isa = PBXBuildFile; fileRef = E85FE65E29C164BD00F64B47 /* CustomTabBarContainer.swift */; };
		E85FE66129C1688C00F64B47 /* TabBarItemsPreferenceKey.swift in Sources */ = {isa = PBXBuildFile; fileRef = E85FE66029C1688C00F64B47 /* TabBarItemsPreferenceKey.swift */; };
		E85FE66529C1784A00F64B47 /* TabBarCoordinator.swift in Sources */ = {isa = PBXBuildFile; fileRef = E85FE66429C1784A00F64B47 /* TabBarCoordinator.swift */; };
		E85FE66929C17C4C00F64B47 /* TabBarCoordinatorView.swift in Sources */ = {isa = PBXBuildFile; fileRef = E85FE66829C17C4C00F64B47 /* TabBarCoordinatorView.swift */; };
		E85FE67929C2D51900F64B47 /* SignInVM.swift in Sources */ = {isa = PBXBuildFile; fileRef = E85FE67829C2D51900F64B47 /* SignInVM.swift */; };
		E85FE67C29C2D78800F64B47 /* Realm in Frameworks */ = {isa = PBXBuildFile; productRef = E85FE67B29C2D78800F64B47 /* Realm */; };
		E85FE67E29C2D78800F64B47 /* RealmSwift in Frameworks */ = {isa = PBXBuildFile; productRef = E85FE67D29C2D78800F64B47 /* RealmSwift */; };
		E85FE68029C2D8CC00F64B47 /* RealmService.swift in Sources */ = {isa = PBXBuildFile; fileRef = E85FE67F29C2D8CC00F64B47 /* RealmService.swift */; };
		E85FE68229C2D95700F64B47 /* UserModel.swift in Sources */ = {isa = PBXBuildFile; fileRef = E85FE68129C2D95700F64B47 /* UserModel.swift */; };
		E86A2C0B29C7CE6A00C69AEB /* Product.swift in Sources */ = {isa = PBXBuildFile; fileRef = E86A2C0A29C7CE6A00C69AEB /* Product.swift */; };
		E86A2C0D29C7D67400C69AEB /* JsonParser.swift in Sources */ = {isa = PBXBuildFile; fileRef = E86A2C0C29C7D67400C69AEB /* JsonParser.swift */; };
		E86A2C1229C7E75600C69AEB /* JsonModels.swift in Sources */ = {isa = PBXBuildFile; fileRef = E86A2C1129C7E75600C69AEB /* JsonModels.swift */; };
		E86A2C1829C9CB2100C69AEB /* Assets.xcassets in Resources */ = {isa = PBXBuildFile; fileRef = E86A2C1729C9CB2100C69AEB /* Assets.xcassets */; };
		E8FB7B3829C0279D00AB65D4 /* CellProduct.swift in Sources */ = {isa = PBXBuildFile; fileRef = E8FB7B3729C0279D00AB65D4 /* CellProduct.swift */; };
		E8FB7B3C29C03B2100AB65D4 /* Page1.swift in Sources */ = {isa = PBXBuildFile; fileRef = E8FB7B3B29C03B2100AB65D4 /* Page1.swift */; };
		E8FB7B4029C0F06400AB65D4 /* LazyHGridPage1.swift in Sources */ = {isa = PBXBuildFile; fileRef = E8FB7B3F29C0F06400AB65D4 /* LazyHGridPage1.swift */; };
/* End PBXBuildFile section */

/* Begin PBXFileReference section */
		E80D708529C10E6000AC55D0 /* CustomTabBar.swift */ = {isa = PBXFileReference; lastKnownFileType = sourcecode.swift; path = CustomTabBar.swift; sourceTree = "<group>"; };
		E80D708A29C13E8B00AC55D0 /* RootCoordinator.swift */ = {isa = PBXFileReference; lastKnownFileType = sourcecode.swift; path = RootCoordinator.swift; sourceTree = "<group>"; };
		E816BD6629BEE1A10003353C /* Montserrat-SemiBold.ttf */ = {isa = PBXFileReference; lastKnownFileType = file; path = "Montserrat-SemiBold.ttf"; sourceTree = "<group>"; };
		E816BD6829BEE2710003353C /* Montserrat-Medium.ttf */ = {isa = PBXFileReference; lastKnownFileType = file; path = "Montserrat-Medium.ttf"; sourceTree = "<group>"; };
		E816BD6A29BEFA540003353C /* Login.swift */ = {isa = PBXFileReference; lastKnownFileType = sourcecode.swift; path = Login.swift; sourceTree = "<group>"; };
		E816BD6C29BF03720003353C /* Publishers + Ex.swift */ = {isa = PBXFileReference; lastKnownFileType = sourcecode.swift; path = "Publishers + Ex.swift"; sourceTree = "<group>"; };
		E816BD6E29BF03F30003353C /* Notification + Ex.swift */ = {isa = PBXFileReference; lastKnownFileType = sourcecode.swift; path = "Notification + Ex.swift"; sourceTree = "<group>"; };
		E816BD7729BF3D5A0003353C /* Profile.swift */ = {isa = PBXFileReference; lastKnownFileType = sourcecode.swift; path = Profile.swift; sourceTree = "<group>"; };
		E821E23029C3D57500DB0FF1 /* LoginVM.swift */ = {isa = PBXFileReference; lastKnownFileType = sourcecode.swift; path = LoginVM.swift; sourceTree = "<group>"; };
		E821E23229C3DF2F00DB0FF1 /* ImagePicker.swift */ = {isa = PBXFileReference; lastKnownFileType = sourcecode.swift; path = ImagePicker.swift; sourceTree = "<group>"; };
		E821E23529C3E1CD00DB0FF1 /* ProfileVM.swift */ = {isa = PBXFileReference; lastKnownFileType = sourcecode.swift; path = ProfileVM.swift; sourceTree = "<group>"; };
		E821E23829C5D65C00DB0FF1 /* UIImage + Ex.swift */ = {isa = PBXFileReference; lastKnownFileType = sourcecode.swift; path = "UIImage + Ex.swift"; sourceTree = "<group>"; };
		E821E23B29C5F2A700DB0FF1 /* Page1VM.swift */ = {isa = PBXFileReference; lastKnownFileType = sourcecode.swift; path = Page1VM.swift; sourceTree = "<group>"; };
		E840AF2729CAC295008903E5 /* TestTaskForE.app */ = {isa = PBXFileReference; explicitFileType = wrapper.application; includeInIndex = 0; path = TestTaskForE.app; sourceTree = BUILT_PRODUCTS_DIR; };
		E844C7CE29BE7FBF002C2373 /* TestTaskForEApp.swift */ = {isa = PBXFileReference; lastKnownFileType = sourcecode.swift; path = TestTaskForEApp.swift; sourceTree = "<group>"; };
		E844C7D029BE7FBF002C2373 /* SignIn.swift */ = {isa = PBXFileReference; lastKnownFileType = sourcecode.swift; path = SignIn.swift; sourceTree = "<group>"; };
		E844C7D529BE7FC0002C2373 /* Preview Assets.xcassets */ = {isa = PBXFileReference; lastKnownFileType = folder.assetcatalog; path = "Preview Assets.xcassets"; sourceTree = "<group>"; };
		E844C7DD29BE8052002C2373 /* Resources.swift */ = {isa = PBXFileReference; lastKnownFileType = sourcecode.swift; path = Resources.swift; sourceTree = "<group>"; };
		E844C7E029BE808C002C2373 /* Color + Ex.swift */ = {isa = PBXFileReference; fileEncoding = 4; lastKnownFileType = sourcecode.swift; path = "Color + Ex.swift"; sourceTree = "<group>"; };
		E844C7E529BEAF64002C2373 /* Modifires.swift */ = {isa = PBXFileReference; lastKnownFileType = sourcecode.swift; path = Modifires.swift; sourceTree = "<group>"; };
		E844C7E729BEAF91002C2373 /* View + Ex.swift */ = {isa = PBXFileReference; lastKnownFileType = sourcecode.swift; path = "View + Ex.swift"; sourceTree = "<group>"; };
		E844C7E929BEDA52002C2373 /* Info.plist */ = {isa = PBXFileReference; lastKnownFileType = text.plist.xml; path = Info.plist; sourceTree = "<group>"; };
		E844C7EB29BEDB08002C2373 /* Montserrat-Regular.ttf */ = {isa = PBXFileReference; lastKnownFileType = file; path = "Montserrat-Regular.ttf"; sourceTree = "<group>"; };
		E844C7ED29BEDB20002C2373 /* Montserrat-Bold.ttf */ = {isa = PBXFileReference; lastKnownFileType = file; path = "Montserrat-Bold.ttf"; sourceTree = "<group>"; };
		E85FE64D29C147DC00F64B47 /* RootCoordinatorView.swift */ = {isa = PBXFileReference; lastKnownFileType = sourcecode.swift; path = RootCoordinatorView.swift; sourceTree = "<group>"; };
		E85FE65029C14D3100F64B47 /* Heart.swift */ = {isa = PBXFileReference; lastKnownFileType = sourcecode.swift; path = Heart.swift; sourceTree = "<group>"; };
		E85FE65229C14D4200F64B47 /* ShoppingСart.swift */ = {isa = PBXFileReference; lastKnownFileType = sourcecode.swift; path = "ShoppingСart.swift"; sourceTree = "<group>"; };
		E85FE65429C14D5400F64B47 /* Chat.swift */ = {isa = PBXFileReference; lastKnownFileType = sourcecode.swift; path = Chat.swift; sourceTree = "<group>"; };
		E85FE65B29C1568A00F64B47 /* TabBarItemModel.swift */ = {isa = PBXFileReference; lastKnownFileType = sourcecode.swift; path = TabBarItemModel.swift; sourceTree = "<group>"; };
		E85FE65E29C164BD00F64B47 /* CustomTabBarContainer.swift */ = {isa = PBXFileReference; lastKnownFileType = sourcecode.swift; path = CustomTabBarContainer.swift; sourceTree = "<group>"; };
		E85FE66029C1688C00F64B47 /* TabBarItemsPreferenceKey.swift */ = {isa = PBXFileReference; lastKnownFileType = sourcecode.swift; path = TabBarItemsPreferenceKey.swift; sourceTree = "<group>"; };
		E85FE66429C1784A00F64B47 /* TabBarCoordinator.swift */ = {isa = PBXFileReference; lastKnownFileType = sourcecode.swift; path = TabBarCoordinator.swift; sourceTree = "<group>"; };
		E85FE66829C17C4C00F64B47 /* TabBarCoordinatorView.swift */ = {isa = PBXFileReference; lastKnownFileType = sourcecode.swift; path = TabBarCoordinatorView.swift; sourceTree = "<group>"; };
		E85FE67829C2D51900F64B47 /* SignInVM.swift */ = {isa = PBXFileReference; lastKnownFileType = sourcecode.swift; path = SignInVM.swift; sourceTree = "<group>"; };
		E85FE67F29C2D8CC00F64B47 /* RealmService.swift */ = {isa = PBXFileReference; lastKnownFileType = sourcecode.swift; path = RealmService.swift; sourceTree = "<group>"; };
		E85FE68129C2D95700F64B47 /* UserModel.swift */ = {isa = PBXFileReference; lastKnownFileType = sourcecode.swift; path = UserModel.swift; sourceTree = "<group>"; };
		E86A2C0A29C7CE6A00C69AEB /* Product.swift */ = {isa = PBXFileReference; lastKnownFileType = sourcecode.swift; path = Product.swift; sourceTree = "<group>"; };
		E86A2C0C29C7D67400C69AEB /* JsonParser.swift */ = {isa = PBXFileReference; lastKnownFileType = sourcecode.swift; path = JsonParser.swift; sourceTree = "<group>"; };
		E86A2C1129C7E75600C69AEB /* JsonModels.swift */ = {isa = PBXFileReference; lastKnownFileType = sourcecode.swift; path = JsonModels.swift; sourceTree = "<group>"; };
		E86A2C1729C9CB2100C69AEB /* Assets.xcassets */ = {isa = PBXFileReference; lastKnownFileType = folder.assetcatalog; path = Assets.xcassets; sourceTree = "<group>"; };
		E8FB7B3729C0279D00AB65D4 /* CellProduct.swift */ = {isa = PBXFileReference; lastKnownFileType = sourcecode.swift; path = CellProduct.swift; sourceTree = "<group>"; };
		E8FB7B3B29C03B2100AB65D4 /* Page1.swift */ = {isa = PBXFileReference; lastKnownFileType = sourcecode.swift; path = Page1.swift; sourceTree = "<group>"; };
		E8FB7B3F29C0F06400AB65D4 /* LazyHGridPage1.swift */ = {isa = PBXFileReference; lastKnownFileType = sourcecode.swift; path = LazyHGridPage1.swift; sourceTree = "<group>"; };
/* End PBXFileReference section */

/* Begin PBXFrameworksBuildPhase section */
		E844C7C829BE7FBF002C2373 /* Frameworks */ = {
			isa = PBXFrameworksBuildPhase;
			buildActionMask = 2147483647;
			files = (
				E85FE67E29C2D78800F64B47 /* RealmSwift in Frameworks */,
				E85FE67C29C2D78800F64B47 /* Realm in Frameworks */,
			);
			runOnlyForDeploymentPostprocessing = 0;
		};
/* End PBXFrameworksBuildPhase section */

/* Begin PBXGroup section */
		E80D708929C13E4F00AC55D0 /* Coordinators */ = {
			isa = PBXGroup;
			children = (
				E85FE66229C177F100F64B47 /* TabBarCoordinator */,
				E85FE66329C1781D00F64B47 /* RootCoordinator */,
			);
			path = Coordinators;
			sourceTree = "<group>";
		};
		E816BD7329BF1D640003353C /* Views */ = {
			isa = PBXGroup;
			children = (
				E85FE65D29C1649800F64B47 /* CustomTabBar */,
				E85FE64F29C14CC300F64B47 /* EmptyView */,
				E844C7D029BE7FBF002C2373 /* SignIn.swift */,
				E816BD6A29BEFA540003353C /* Login.swift */,
				E821E23729C3F87600DB0FF1 /* Profile */,
				E86A2C0E29C7DCB700C69AEB /* Page1 */,
			);
			path = Views;
			sourceTree = "<group>";
		};
		E816BD7429BF29BF0003353C /* Components */ = {
			isa = PBXGroup;
			children = (
				E8FB7B3729C0279D00AB65D4 /* CellProduct.swift */,
				E8FB7B3F29C0F06400AB65D4 /* LazyHGridPage1.swift */,
			);
			path = Components;
			sourceTree = "<group>";
		};
		E821E23729C3F87600DB0FF1 /* Profile */ = {
			isa = PBXGroup;
			children = (
				E816BD7729BF3D5A0003353C /* Profile.swift */,
				E821E23229C3DF2F00DB0FF1 /* ImagePicker.swift */,
			);
			path = Profile;
			sourceTree = "<group>";
		};
		E844C7C229BE7FBF002C2373 = {
			isa = PBXGroup;
			children = (
				E844C7CD29BE7FBF002C2373 /* TestTaskForE */,
				E840AF2729CAC295008903E5 /* TestTaskForE.app */,
			);
			sourceTree = "<group>";
		};
		E844C7CD29BE7FBF002C2373 /* TestTaskForE */ = {
			isa = PBXGroup;
			children = (
				E844C7CE29BE7FBF002C2373 /* TestTaskForEApp.swift */,
				E85FE67229C2CC3E00F64B47 /* Services */,
				E844C7E429BEAF4D002C2373 /* Modifires */,
				E844C7DF29BE808C002C2373 /* Extensions */,
				E844C7DC29BE7FF5002C2373 /* Resource */,
				E816BD7329BF1D640003353C /* Views */,
				E85FE67729C2D4A100F64B47 /* ViewModels */,
				E80D708929C13E4F00AC55D0 /* Coordinators */,
				E86A2C1729C9CB2100C69AEB /* Assets.xcassets */,
				E844C7E929BEDA52002C2373 /* Info.plist */,
				E85FE65A29C1565C00F64B47 /* Models */,
				E844C7D429BE7FC0002C2373 /* Preview Content */,
				E844C7EA29BEDAC6002C2373 /* Fonts */,
			);
			path = TestTaskForE;
			sourceTree = "<group>";
		};
		E844C7D429BE7FC0002C2373 /* Preview Content */ = {
			isa = PBXGroup;
			children = (
				E844C7D529BE7FC0002C2373 /* Preview Assets.xcassets */,
			);
			path = "Preview Content";
			sourceTree = "<group>";
		};
		E844C7DC29BE7FF5002C2373 /* Resource */ = {
			isa = PBXGroup;
			children = (
				E844C7DD29BE8052002C2373 /* Resources.swift */,
			);
			path = Resource;
			sourceTree = "<group>";
		};
		E844C7DF29BE808C002C2373 /* Extensions */ = {
			isa = PBXGroup;
			children = (
				E844C7E029BE808C002C2373 /* Color + Ex.swift */,
				E844C7E729BEAF91002C2373 /* View + Ex.swift */,
				E816BD6C29BF03720003353C /* Publishers + Ex.swift */,
				E816BD6E29BF03F30003353C /* Notification + Ex.swift */,
				E821E23829C5D65C00DB0FF1 /* UIImage + Ex.swift */,
			);
			path = Extensions;
			sourceTree = "<group>";
		};
		E844C7E429BEAF4D002C2373 /* Modifires */ = {
			isa = PBXGroup;
			children = (
				E844C7E529BEAF64002C2373 /* Modifires.swift */,
			);
			path = Modifires;
			sourceTree = "<group>";
		};
		E844C7EA29BEDAC6002C2373 /* Fonts */ = {
			isa = PBXGroup;
			children = (
				E844C7EB29BEDB08002C2373 /* Montserrat-Regular.ttf */,
				E844C7ED29BEDB20002C2373 /* Montserrat-Bold.ttf */,
				E816BD6629BEE1A10003353C /* Montserrat-SemiBold.ttf */,
				E816BD6829BEE2710003353C /* Montserrat-Medium.ttf */,
			);
			path = Fonts;
			sourceTree = "<group>";
		};
		E85FE64F29C14CC300F64B47 /* EmptyView */ = {
			isa = PBXGroup;
			children = (
				E85FE65029C14D3100F64B47 /* Heart.swift */,
				E85FE65229C14D4200F64B47 /* ShoppingСart.swift */,
				E85FE65429C14D5400F64B47 /* Chat.swift */,
			);
			path = EmptyView;
			sourceTree = "<group>";
		};
		E85FE65A29C1565C00F64B47 /* Models */ = {
			isa = PBXGroup;
			children = (
				E85FE65B29C1568A00F64B47 /* TabBarItemModel.swift */,
				E85FE68129C2D95700F64B47 /* UserModel.swift */,
				E86A2C0A29C7CE6A00C69AEB /* Product.swift */,
				E86A2C1129C7E75600C69AEB /* JsonModels.swift */,
			);
			path = Models;
			sourceTree = "<group>";
		};
		E85FE65D29C1649800F64B47 /* CustomTabBar */ = {
			isa = PBXGroup;
			children = (
				E80D708529C10E6000AC55D0 /* CustomTabBar.swift */,
				E85FE65E29C164BD00F64B47 /* CustomTabBarContainer.swift */,
				E85FE66029C1688C00F64B47 /* TabBarItemsPreferenceKey.swift */,
			);
			path = CustomTabBar;
			sourceTree = "<group>";
		};
		E85FE66229C177F100F64B47 /* TabBarCoordinator */ = {
			isa = PBXGroup;
			children = (
				E85FE66429C1784A00F64B47 /* TabBarCoordinator.swift */,
				E85FE66829C17C4C00F64B47 /* TabBarCoordinatorView.swift */,
			);
			path = TabBarCoordinator;
			sourceTree = "<group>";
		};
		E85FE66329C1781D00F64B47 /* RootCoordinator */ = {
			isa = PBXGroup;
			children = (
				E80D708A29C13E8B00AC55D0 /* RootCoordinator.swift */,
				E85FE64D29C147DC00F64B47 /* RootCoordinatorView.swift */,
			);
			path = RootCoordinator;
			sourceTree = "<group>";
		};
		E85FE67229C2CC3E00F64B47 /* Services */ = {
			isa = PBXGroup;
			children = (
				E85FE67F29C2D8CC00F64B47 /* RealmService.swift */,
				E86A2C0C29C7D67400C69AEB /* JsonParser.swift */,
			);
			path = Services;
			sourceTree = "<group>";
		};
		E85FE67729C2D4A100F64B47 /* ViewModels */ = {
			isa = PBXGroup;
			children = (
				E85FE67829C2D51900F64B47 /* SignInVM.swift */,
				E821E23029C3D57500DB0FF1 /* LoginVM.swift */,
				E821E23529C3E1CD00DB0FF1 /* ProfileVM.swift */,
				E821E23B29C5F2A700DB0FF1 /* Page1VM.swift */,
			);
			path = ViewModels;
			sourceTree = "<group>";
		};
		E86A2C0E29C7DCB700C69AEB /* Page1 */ = {
			isa = PBXGroup;
			children = (
				E8FB7B3B29C03B2100AB65D4 /* Page1.swift */,
				E816BD7429BF29BF0003353C /* Components */,
			);
			path = Page1;
			sourceTree = "<group>";
		};
/* End PBXGroup section */

/* Begin PBXNativeTarget section */
		E844C7CA29BE7FBF002C2373 /* TestTaskForE */ = {
			isa = PBXNativeTarget;
			buildConfigurationList = E844C7D929BE7FC0002C2373 /* Build configuration list for PBXNativeTarget "TestTaskForE" */;
			buildPhases = (
				E844C7C729BE7FBF002C2373 /* Sources */,
				E844C7C829BE7FBF002C2373 /* Frameworks */,
				E844C7C929BE7FBF002C2373 /* Resources */,
			);
			buildRules = (
			);
			dependencies = (
			);
			name = TestTaskForE;
			packageProductDependencies = (
				E85FE67B29C2D78800F64B47 /* Realm */,
				E85FE67D29C2D78800F64B47 /* RealmSwift */,
			);
			productName = TestTaskForE;
			productReference = E840AF2729CAC295008903E5 /* TestTaskForE.app */;
			productType = "com.apple.product-type.application";
		};
/* End PBXNativeTarget section */

/* Begin PBXProject section */
		E844C7C329BE7FBF002C2373 /* Project object */ = {
			isa = PBXProject;
			attributes = {
				BuildIndependentTargetsInParallel = 1;
				LastSwiftUpdateCheck = 1420;
				LastUpgradeCheck = 1420;
				TargetAttributes = {
					E844C7CA29BE7FBF002C2373 = {
						CreatedOnToolsVersion = 14.2;
					};
				};
			};
			buildConfigurationList = E844C7C629BE7FBF002C2373 /* Build configuration list for PBXProject "TestTaskForE" */;
			compatibilityVersion = "Xcode 14.0";
			developmentRegion = en;
			hasScannedForEncodings = 0;
			knownRegions = (
				en,
				Base,
			);
			mainGroup = E844C7C229BE7FBF002C2373;
			packageReferences = (
				E85FE67A29C2D78800F64B47 /* XCRemoteSwiftPackageReference "realm-swift" */,
			);
			productRefGroup = E844C7C229BE7FBF002C2373;
			projectDirPath = "";
			projectRoot = "";
			targets = (
				E844C7CA29BE7FBF002C2373 /* TestTaskForE */,
			);
		};
/* End PBXProject section */

/* Begin PBXResourcesBuildPhase section */
		E844C7C929BE7FBF002C2373 /* Resources */ = {
			isa = PBXResourcesBuildPhase;
			buildActionMask = 2147483647;
			files = (
				E816BD6729BEE1A10003353C /* Montserrat-SemiBold.ttf in Resources */,
				E844C7EE29BEDB20002C2373 /* Montserrat-Bold.ttf in Resources */,
				E844C7EC29BEDB08002C2373 /* Montserrat-Regular.ttf in Resources */,
				E844C7D629BE7FC0002C2373 /* Preview Assets.xcassets in Resources */,
				E86A2C1829C9CB2100C69AEB /* Assets.xcassets in Resources */,
				E816BD6929BEE2710003353C /* Montserrat-Medium.ttf in Resources */,
			);
			runOnlyForDeploymentPostprocessing = 0;
		};
/* End PBXResourcesBuildPhase section */

/* Begin PBXSourcesBuildPhase section */
		E844C7C729BE7FBF002C2373 /* Sources */ = {
			isa = PBXSourcesBuildPhase;
			buildActionMask = 2147483647;
			files = (
				E821E23129C3D57500DB0FF1 /* LoginVM.swift in Sources */,
				E85FE65129C14D3100F64B47 /* Heart.swift in Sources */,
				E80D708B29C13E8B00AC55D0 /* RootCoordinator.swift in Sources */,
				E8FB7B4029C0F06400AB65D4 /* LazyHGridPage1.swift in Sources */,
				E816BD6F29BF03F30003353C /* Notification + Ex.swift in Sources */,
				E85FE66929C17C4C00F64B47 /* TabBarCoordinatorView.swift in Sources */,
				E816BD6D29BF03720003353C /* Publishers + Ex.swift in Sources */,
				E85FE66529C1784A00F64B47 /* TabBarCoordinator.swift in Sources */,
				E85FE64E29C147DC00F64B47 /* RootCoordinatorView.swift in Sources */,
				E816BD6B29BEFA540003353C /* Login.swift in Sources */,
				E821E23929C5D65C00DB0FF1 /* UIImage + Ex.swift in Sources */,
				E821E23629C3E1CD00DB0FF1 /* ProfileVM.swift in Sources */,
				E844C7E629BEAF64002C2373 /* Modifires.swift in Sources */,
				E844C7DE29BE8052002C2373 /* Resources.swift in Sources */,
				E844C7E829BEAF91002C2373 /* View + Ex.swift in Sources */,
				E844C7D129BE7FBF002C2373 /* SignIn.swift in Sources */,
				E80D708629C10E6000AC55D0 /* CustomTabBar.swift in Sources */,
				E86A2C0B29C7CE6A00C69AEB /* Product.swift in Sources */,
				E85FE65F29C164BD00F64B47 /* CustomTabBarContainer.swift in Sources */,
				E821E23329C3DF2F00DB0FF1 /* ImagePicker.swift in Sources */,
				E85FE65529C14D5400F64B47 /* Chat.swift in Sources */,
				E85FE68229C2D95700F64B47 /* UserModel.swift in Sources */,
				E85FE66129C1688C00F64B47 /* TabBarItemsPreferenceKey.swift in Sources */,
				E816BD7829BF3D5A0003353C /* Profile.swift in Sources */,
				E86A2C0D29C7D67400C69AEB /* JsonParser.swift in Sources */,
				E85FE65329C14D4200F64B47 /* ShoppingСart.swift in Sources */,
				E85FE68029C2D8CC00F64B47 /* RealmService.swift in Sources */,
				E821E23C29C5F2A700DB0FF1 /* Page1VM.swift in Sources */,
				E8FB7B3829C0279D00AB65D4 /* CellProduct.swift in Sources */,
				E844C7E229BE808C002C2373 /* Color + Ex.swift in Sources */,
				E86A2C1229C7E75600C69AEB /* JsonModels.swift in Sources */,
				E85FE65C29C1568A00F64B47 /* TabBarItemModel.swift in Sources */,
				E844C7CF29BE7FBF002C2373 /* TestTaskForEApp.swift in Sources */,
				E8FB7B3C29C03B2100AB65D4 /* Page1.swift in Sources */,
				E85FE67929C2D51900F64B47 /* SignInVM.swift in Sources */,
			);
			runOnlyForDeploymentPostprocessing = 0;
		};
/* End PBXSourcesBuildPhase section */

/* Begin XCBuildConfiguration section */
		E844C7D729BE7FC0002C2373 /* Debug */ = {
			isa = XCBuildConfiguration;
			buildSettings = {
				ALWAYS_SEARCH_USER_PATHS = NO;
				CLANG_ANALYZER_NONNULL = YES;
				CLANG_ANALYZER_NUMBER_OBJECT_CONVERSION = YES_AGGRESSIVE;
				CLANG_CXX_LANGUAGE_STANDARD = "gnu++20";
				CLANG_ENABLE_MODULES = YES;
				CLANG_ENABLE_OBJC_ARC = YES;
				CLANG_ENABLE_OBJC_WEAK = YES;
				CLANG_WARN_BLOCK_CAPTURE_AUTORELEASING = YES;
				CLANG_WARN_BOOL_CONVERSION = YES;
				CLANG_WARN_COMMA = YES;
				CLANG_WARN_CONSTANT_CONVERSION = YES;
				CLANG_WARN_DEPRECATED_OBJC_IMPLEMENTATIONS = YES;
				CLANG_WARN_DIRECT_OBJC_ISA_USAGE = YES_ERROR;
				CLANG_WARN_DOCUMENTATION_COMMENTS = YES;
				CLANG_WARN_EMPTY_BODY = YES;
				CLANG_WARN_ENUM_CONVERSION = YES;
				CLANG_WARN_INFINITE_RECURSION = YES;
				CLANG_WARN_INT_CONVERSION = YES;
				CLANG_WARN_NON_LITERAL_NULL_CONVERSION = YES;
				CLANG_WARN_OBJC_IMPLICIT_RETAIN_SELF = YES;
				CLANG_WARN_OBJC_LITERAL_CONVERSION = YES;
				CLANG_WARN_OBJC_ROOT_CLASS = YES_ERROR;
				CLANG_WARN_QUOTED_INCLUDE_IN_FRAMEWORK_HEADER = YES;
				CLANG_WARN_RANGE_LOOP_ANALYSIS = YES;
				CLANG_WARN_STRICT_PROTOTYPES = YES;
				CLANG_WARN_SUSPICIOUS_MOVE = YES;
				CLANG_WARN_UNGUARDED_AVAILABILITY = YES_AGGRESSIVE;
				CLANG_WARN_UNREACHABLE_CODE = YES;
				CLANG_WARN__DUPLICATE_METHOD_MATCH = YES;
				COPY_PHASE_STRIP = NO;
				DEBUG_INFORMATION_FORMAT = dwarf;
				ENABLE_STRICT_OBJC_MSGSEND = YES;
				ENABLE_TESTABILITY = YES;
				GCC_C_LANGUAGE_STANDARD = gnu11;
				GCC_DYNAMIC_NO_PIC = NO;
				GCC_NO_COMMON_BLOCKS = YES;
				GCC_OPTIMIZATION_LEVEL = 0;
				GCC_PREPROCESSOR_DEFINITIONS = (
					"DEBUG=1",
					"$(inherited)",
				);
				GCC_WARN_64_TO_32_BIT_CONVERSION = YES;
				GCC_WARN_ABOUT_RETURN_TYPE = YES_ERROR;
				GCC_WARN_UNDECLARED_SELECTOR = YES;
				GCC_WARN_UNINITIALIZED_AUTOS = YES_AGGRESSIVE;
				GCC_WARN_UNUSED_FUNCTION = YES;
				GCC_WARN_UNUSED_VARIABLE = YES;
				IPHONEOS_DEPLOYMENT_TARGET = 16.2;
				MTL_ENABLE_DEBUG_INFO = INCLUDE_SOURCE;
				MTL_FAST_MATH = YES;
				ONLY_ACTIVE_ARCH = YES;
				SDKROOT = iphoneos;
				SWIFT_ACTIVE_COMPILATION_CONDITIONS = DEBUG;
				SWIFT_OPTIMIZATION_LEVEL = "-Onone";
			};
			name = Debug;
		};
		E844C7D829BE7FC0002C2373 /* Release */ = {
			isa = XCBuildConfiguration;
			buildSettings = {
				ALWAYS_SEARCH_USER_PATHS = NO;
				CLANG_ANALYZER_NONNULL = YES;
				CLANG_ANALYZER_NUMBER_OBJECT_CONVERSION = YES_AGGRESSIVE;
				CLANG_CXX_LANGUAGE_STANDARD = "gnu++20";
				CLANG_ENABLE_MODULES = YES;
				CLANG_ENABLE_OBJC_ARC = YES;
				CLANG_ENABLE_OBJC_WEAK = YES;
				CLANG_WARN_BLOCK_CAPTURE_AUTORELEASING = YES;
				CLANG_WARN_BOOL_CONVERSION = YES;
				CLANG_WARN_COMMA = YES;
				CLANG_WARN_CONSTANT_CONVERSION = YES;
				CLANG_WARN_DEPRECATED_OBJC_IMPLEMENTATIONS = YES;
				CLANG_WARN_DIRECT_OBJC_ISA_USAGE = YES_ERROR;
				CLANG_WARN_DOCUMENTATION_COMMENTS = YES;
				CLANG_WARN_EMPTY_BODY = YES;
				CLANG_WARN_ENUM_CONVERSION = YES;
				CLANG_WARN_INFINITE_RECURSION = YES;
				CLANG_WARN_INT_CONVERSION = YES;
				CLANG_WARN_NON_LITERAL_NULL_CONVERSION = YES;
				CLANG_WARN_OBJC_IMPLICIT_RETAIN_SELF = YES;
				CLANG_WARN_OBJC_LITERAL_CONVERSION = YES;
				CLANG_WARN_OBJC_ROOT_CLASS = YES_ERROR;
				CLANG_WARN_QUOTED_INCLUDE_IN_FRAMEWORK_HEADER = YES;
				CLANG_WARN_RANGE_LOOP_ANALYSIS = YES;
				CLANG_WARN_STRICT_PROTOTYPES = YES;
				CLANG_WARN_SUSPICIOUS_MOVE = YES;
				CLANG_WARN_UNGUARDED_AVAILABILITY = YES_AGGRESSIVE;
				CLANG_WARN_UNREACHABLE_CODE = YES;
				CLANG_WARN__DUPLICATE_METHOD_MATCH = YES;
				COPY_PHASE_STRIP = NO;
				DEBUG_INFORMATION_FORMAT = "dwarf-with-dsym";
				ENABLE_NS_ASSERTIONS = NO;
				ENABLE_STRICT_OBJC_MSGSEND = YES;
				GCC_C_LANGUAGE_STANDARD = gnu11;
				GCC_NO_COMMON_BLOCKS = YES;
				GCC_WARN_64_TO_32_BIT_CONVERSION = YES;
				GCC_WARN_ABOUT_RETURN_TYPE = YES_ERROR;
				GCC_WARN_UNDECLARED_SELECTOR = YES;
				GCC_WARN_UNINITIALIZED_AUTOS = YES_AGGRESSIVE;
				GCC_WARN_UNUSED_FUNCTION = YES;
				GCC_WARN_UNUSED_VARIABLE = YES;
				IPHONEOS_DEPLOYMENT_TARGET = 16.2;
				MTL_ENABLE_DEBUG_INFO = NO;
				MTL_FAST_MATH = YES;
				SDKROOT = iphoneos;
				SWIFT_COMPILATION_MODE = wholemodule;
				SWIFT_OPTIMIZATION_LEVEL = "-O";
				VALIDATE_PRODUCT = YES;
			};
			name = Release;
		};
		E844C7DA29BE7FC0002C2373 /* Debug */ = {
			isa = XCBuildConfiguration;
			buildSettings = {
				ASSETCATALOG_COMPILER_APPICON_NAME = AppIcon;
				ASSETCATALOG_COMPILER_GLOBAL_ACCENT_COLOR_NAME = AccentColor;
				CODE_SIGN_STYLE = Automatic;
				CURRENT_PROJECT_VERSION = 1;
				DEVELOPMENT_ASSET_PATHS = "\"TestTaskForE/Preview Content\"";
				DEVELOPMENT_TEAM = 86Y63V4SRU;
				ENABLE_PREVIEWS = YES;
				GENERATE_INFOPLIST_FILE = YES;
				INFOPLIST_FILE = TestTaskForE/Info.plist;
				INFOPLIST_KEY_UIApplicationSupportsIndirectInputEvents = YES;
				INFOPLIST_KEY_UILaunchScreen_Generation = YES;
				INFOPLIST_KEY_UISupportedInterfaceOrientations = UIInterfaceOrientationPortrait;
				INFOPLIST_KEY_UISupportedInterfaceOrientations_iPad = "UIInterfaceOrientationLandscapeLeft UIInterfaceOrientationLandscapeRight UIInterfaceOrientationPortrait UIInterfaceOrientationPortraitUpsideDown";
				LD_RUNPATH_SEARCH_PATHS = (
					"$(inherited)",
					"@executable_path/Frameworks",
				);
				MARKETING_VERSION = 1.0;
				PRODUCT_BUNDLE_IDENTIFIER = going.com.TestTaskForE;
				PRODUCT_NAME = "$(TARGET_NAME)";
				SUPPORTED_PLATFORMS = "iphoneos iphonesimulator";
				SUPPORTS_MACCATALYST = NO;
				SUPPORTS_MAC_DESIGNED_FOR_IPHONE_IPAD = NO;
				SWIFT_EMIT_LOC_STRINGS = YES;
				SWIFT_VERSION = 5.0;
				TARGETED_DEVICE_FAMILY = 1;
			};
			name = Debug;
		};
		E844C7DB29BE7FC0002C2373 /* Release */ = {
			isa = XCBuildConfiguration;
			buildSettings = {
				ASSETCATALOG_COMPILER_APPICON_NAME = AppIcon;
				ASSETCATALOG_COMPILER_GLOBAL_ACCENT_COLOR_NAME = AccentColor;
				CODE_SIGN_STYLE = Automatic;
				CURRENT_PROJECT_VERSION = 1;
				DEVELOPMENT_ASSET_PATHS = "\"TestTaskForE/Preview Content\"";
				DEVELOPMENT_TEAM = 86Y63V4SRU;
				ENABLE_PREVIEWS = YES;
				GENERATE_INFOPLIST_FILE = YES;
				INFOPLIST_FILE = TestTaskForE/Info.plist;
				INFOPLIST_KEY_UIApplicationSupportsIndirectInputEvents = YES;
				INFOPLIST_KEY_UILaunchScreen_Generation = YES;
				INFOPLIST_KEY_UISupportedInterfaceOrientations = UIInterfaceOrientationPortrait;
				INFOPLIST_KEY_UISupportedInterfaceOrientations_iPad = "UIInterfaceOrientationLandscapeLeft UIInterfaceOrientationLandscapeRight UIInterfaceOrientationPortrait UIInterfaceOrientationPortraitUpsideDown";
				LD_RUNPATH_SEARCH_PATHS = (
					"$(inherited)",
					"@executable_path/Frameworks",
				);
				MARKETING_VERSION = 1.0;
				PRODUCT_BUNDLE_IDENTIFIER = going.com.TestTaskForE;
				PRODUCT_NAME = "$(TARGET_NAME)";
				SUPPORTED_PLATFORMS = "iphoneos iphonesimulator";
				SUPPORTS_MACCATALYST = NO;
				SUPPORTS_MAC_DESIGNED_FOR_IPHONE_IPAD = NO;
				SWIFT_EMIT_LOC_STRINGS = YES;
				SWIFT_VERSION = 5.0;
				TARGETED_DEVICE_FAMILY = 1;
			};
			name = Release;
		};
/* End XCBuildConfiguration section */

/* Begin XCConfigurationList section */
		E844C7C629BE7FBF002C2373 /* Build configuration list for PBXProject "TestTaskForE" */ = {
			isa = XCConfigurationList;
			buildConfigurations = (
				E844C7D729BE7FC0002C2373 /* Debug */,
				E844C7D829BE7FC0002C2373 /* Release */,
			);
			defaultConfigurationIsVisible = 0;
			defaultConfigurationName = Release;
		};
		E844C7D929BE7FC0002C2373 /* Build configuration list for PBXNativeTarget "TestTaskForE" */ = {
			isa = XCConfigurationList;
			buildConfigurations = (
				E844C7DA29BE7FC0002C2373 /* Debug */,
				E844C7DB29BE7FC0002C2373 /* Release */,
			);
			defaultConfigurationIsVisible = 0;
			defaultConfigurationName = Release;
		};
/* End XCConfigurationList section */

/* Begin XCRemoteSwiftPackageReference section */
		E85FE67A29C2D78800F64B47 /* XCRemoteSwiftPackageReference "realm-swift" */ = {
			isa = XCRemoteSwiftPackageReference;
			repositoryURL = "https://github.com/realm/realm-swift.git";
			requirement = {
				branch = master;
				kind = branch;
			};
		};
/* End XCRemoteSwiftPackageReference section */

/* Begin XCSwiftPackageProductDependency section */
		E85FE67B29C2D78800F64B47 /* Realm */ = {
			isa = XCSwiftPackageProductDependency;
			package = E85FE67A29C2D78800F64B47 /* XCRemoteSwiftPackageReference "realm-swift" */;
			productName = Realm;
		};
		E85FE67D29C2D78800F64B47 /* RealmSwift */ = {
			isa = XCSwiftPackageProductDependency;
			package = E85FE67A29C2D78800F64B47 /* XCRemoteSwiftPackageReference "realm-swift" */;
			productName = RealmSwift;
		};
/* End XCSwiftPackageProductDependency section */
	};
	rootObject = E844C7C329BE7FBF002C2373 /* Project object */;
}
